<Solution>
  <Folder Name="/src/" />
  <Folder Name="/src/BuildingBlocks/" />
  <Folder Name="/src/BuildingBlocks/Application/">
    <Project Path="src/BuildingBlocks/Application/KaguERP.BuildingBlocks.Application.csproj" />
  </Folder>
  <Folder Name="/src/BuildingBlocks/Contracts/">
    <Project Path="src/BuildingBlocks/Contracts/KaguERP.BuildingBlocks.Contracts.csproj" />
  </Folder>
  <Folder Name="/src/BuildingBlocks/Domain/">
    <Project Path="src/BuildingBlocks/Domain/KaguERP.BuildingBlocks.Domain.csproj" />
  </Folder>
  <Folder Name="/src/BuildingBlocks/Infrastructure/">
    <Project Path="src/BuildingBlocks/Infrastructure/KaguERP.BuildingBlocks.Infrastructure.csproj" />
  </Folder>
  <Folder Name="/src/Erp.Api/">
    <Project Path="src/Erp.Api/KaguERP.Api.csproj" />
  </Folder>
  <Folder Name="/src/Erp.Bootstrap/">
    <Project Path="src/Erp.Bootstrap/KaguERP.Bootstrap.csproj" />
  </Folder>
  <Folder Name="/src/Erp.Migrator/">
    <Project Path="src/Erp.Migrator/KaguERP.Migrator.csproj" />
  </Folder>
  <Folder Name="/src/Erp.Worker/">
    <Project Path="src/Erp.Worker/KaguERP.Worker.csproj" />
  </Folder>
  <Folder Name="/src/Modules/Accounting/Accounting.Domain/">
    <Project Path="src/Modules/Accounting/Accounting.Domain/KaguERP.Modules.Accounting.Domain.csproj" />
  </Folder>
  <Folder Name="/src/Modules/Accounting/Accounting.Application/">
    <Project Path="src/Modules/Accounting/Accounting.Application/KaguERP.Modules.Accounting.Application.csproj" />
  </Folder>
  <Folder Name="/src/Modules/Accounting/Accounting.Infrastructure/">
    <Project Path="src/Modules/Accounting/Accounting.Infrastructure/KaguERP.Modules.Accounting.Infrastructure.csproj" />
  </Folder>
  <Folder Name="/src/Modules/Parties/Parties.Domain/">
    <Project Path="src/Modules/Parties/Parties.Domain/KaguERP.Modules.Parties.Domain.csproj" />
  </Folder>
  <Folder Name="/src/Modules/Parties/Parties.Application/">
    <Project Path="src/Modules/Parties/Parties.Application/KaguERP.Modules.Parties.Application.csproj" />
  </Folder>
  <Folder Name="/src/Modules/Parties/Parties.Contracts/">
    <Project Path="src/Modules/Parties/Parties.Contracts/KaguERP.Modules.Parties.Contracts.csproj" />
  </Folder>
  <Folder Name="/src/Modules/Parties/Parties.Infrastructure/">
    <Project Path="src/Modules/Parties/Parties.Infrastructure/KaguERP.Modules.Parties.Infrastructure.csproj" />
  </Folder>
  <Folder Name="/src/Modules/Reporting/Reporting.Domain/">
    <Project Path="src/Modules/Reporting/Reporting.Domain/KaguERP.Modules.Reporting.Domain.csproj" />
  </Folder>
  <Folder Name="/src/Modules/Reporting/Reporting.Application/">
    <Project Path="src/Modules/Reporting/Reporting.Application/KaguERP.Modules.Reporting.Application.csproj" />
  </Folder>
  <Folder Name="/src/Modules/Reporting/Reporting.Infrastructure/">
    <Project Path="src/Modules/Reporting/Reporting.Infrastructure/KaguERP.Modules.Reporting.Infrastructure.csproj" />
  </Folder>
  <Folder Name="/src/Modules/Treasury/Treasury.Domain/">
    <Project Path="src/Modules/Treasury/Treasury.Domain/KaguERP.Modules.Treasury.Domain.csproj" />
  </Folder>
  <Folder Name="/src/Modules/Treasury/Treasury.Infrastructure/">
    <Project Path="src/Modules/Treasury/Treasury.Infrastructure/KaguERP.Modules.Treasury.Infrastructure.csproj" />
  </Folder>
  <Folder Name="/tests/" />
  <Folder Name="/tests/Architecture/">
    <Project Path="tests/Architecture/KaguERP.ArchitectureChecks.csproj" />
  </Folder>
  <Folder Name="/tests/Unit/">
    <Project Path="tests/Unit/KaguERP.DomainUnitChecks.csproj" />
  </Folder>
</Solution>
